{
  "name": "qlue-ui",
  "lockfileVersion": 3,
  "requires": true,
  "packages": {
    "": {
      "dependencies": {
        "qlue-ls": "^1.1.4"
      }
    },
    "node_modules/qlue-ls": {
      "version": "1.1.4",
      "resolved": "https://registry.npmjs.org/qlue-ls/-/qlue-ls-1.1.4.tgz",
      "integrity": "sha512-ICkw3h+5uA6xJuuE0oLFjGmPXm5Fz65/gqSDMyFolIqp9lu6s6vJILiAEzQYJk/wjObw/st8veopZhr/aABYaA==",
      "license": "SEE LICENSE IN LICENSE"
    }
  }
}
