{
  "name": "qlue-ui",
  "lockfileVersion": 3,
  "requires": true,
  "packages": {
    "": {
      "dependencies": {
        "qlue-ls": "^1.1.5"
      }
    },
    "node_modules/qlue-ls": {
      "version": "1.1.5",
      "resolved": "https://registry.npmjs.org/qlue-ls/-/qlue-ls-1.1.5.tgz",
      "integrity": "sha512-NavlG7Ua5MlPFo31XVRR9RhzyeNRUkkIgLh0GAcfykZnM85A5GNXqA6hT5qxpGO4Ickfu/P2YxFXvw6lhEMGyQ==",
      "license": "SEE LICENSE IN LICENSE"
    }
  }
}
